Microsoft Visual Studio Solution File, Format Version 12.00
# Visual Studio 2012
Project("{FAE04EC0-301F-11D3-BF4B-00C04F79EFBC}") = "second-project", "second-project.csproj", "{62976D0A-416B-4D0A-9BF6-F89CCB7BB57F}"
EndProject
Global
	GlobalSection(SolutionConfigurationPlatforms) = preSolution
	Debug|Any CPU = Debug|Any CPU
	ExportDebug|Any CPU = ExportDebug|Any CPU
	ExportRelease|Any CPU = ExportRelease|Any CPU
	EndGlobalSection
	GlobalSection(ProjectConfigurationPlatforms) = postSolution
		{62976D0A-416B-4D0A-9BF6-F89CCB7BB57F}.Debug|Any CPU.ActiveCfg = Debug|Any CPU
		{62976D0A-416B-4D0A-9BF6-F89CCB7BB57F}.Debug|Any CPU.Build.0 = Debug|Any CPU
		{62976D0A-416B-4D0A-9BF6-F89CCB7BB57F}.ExportDebug|Any CPU.ActiveCfg = ExportDebug|Any CPU
		{62976D0A-416B-4D0A-9BF6-F89CCB7BB57F}.ExportDebug|Any CPU.Build.0 = ExportDebug|Any CPU
		{62976D0A-416B-4D0A-9BF6-F89CCB7BB57F}.ExportRelease|Any CPU.ActiveCfg = ExportRelease|Any CPU
		{62976D0A-416B-4D0A-9BF6-F89CCB7BB57F}.ExportRelease|Any CPU.Build.0 = ExportRelease|Any CPU
	EndGlobalSection
EndGlobal
